
Microsoft Visual Studio Solution File, Format Version 12.00
# Visual Studio Version 16
VisualStudioVersion = 16.0.29025.244
MinimumVisualStudioVersion = 10.0.40219.1
Project("{FAE04EC0-301F-11D3-BF4B-00C04F79EFBC}") = "CometX.Repository", "CometX.Repository\CometX.Repository.csproj", "{712CB884-64D9-4778-9EEB-400A77842339}"
EndProject
Project("{FAE04EC0-301F-11D3-BF4B-00C04F79EFBC}") = "CometX.Attributes", "CometX.Attributes\CometX.Attributes.csproj", "{59C279E2-FACC-41AD-A10A-5C2DB38F8A40}"
EndProject
Project("{FAE04EC0-301F-11D3-BF4B-00C04F79EFBC}") = "CometX.ConsoleApp", "CometX.ConsoleApp\CometX.ConsoleApp.csproj", "{A7EB351E-3AAB-453B-B40D-6D9CA7F039DA}"
EndProject
Project("{FAE04EC0-301F-11D3-BF4B-00C04F79EFBC}") = "CometX.Service", "CometX.Service\CometX.Service.csproj", "{B4CA5F13-2A4B-4E14-9D14-860CE7467F97}"
EndProject
Project("{FAE04EC0-301F-11D3-BF4B-00C04F79EFBC}") = "CometX.Entities", "CometX.Entities\CometX.Entities.csproj", "{D2DB8DE5-0499-4B2B-93B4-BA18A6C1222B}"
EndProject
Project("{9A19103F-16F7-4668-BE54-9A1E7A4F7556}") = "CometX.NETCore.ConsoleApp", "CometX.NETCore\CometX.NETCore.ConsoleApp.csproj", "{755726DC-9D63-4F84-8E9E-87B4B9D26958}"
EndProject
Project("{9A19103F-16F7-4668-BE54-9A1E7A4F7556}") = "CometX.NETCore.Attributes", "CometX.NETCore.Attributes\CometX.NETCore.Attributes.csproj", "{5601CBB6-B6C5-4338-A8F4-747567A65933}"
EndProject
Project("{9A19103F-16F7-4668-BE54-9A1E7A4F7556}") = "CometX.NETCore.Repository", "CometX.NETCore.Repository\CometX.NETCore.Repository.csproj", "{068C1A6D-AC53-4D97-8C45-F07AA4229024}"
EndProject
Project("{FAE04EC0-301F-11D3-BF4B-00C04F79EFBC}") = "CometX.NETCore.Service", "CometX.NETCore.Service\CometX.NETCore.Service.csproj", "{0BA54823-50F2-4DAB-B614-4870A2CFAE61}"
EndProject
Project("{FAE04EC0-301F-11D3-BF4B-00C04F79EFBC}") = "CometX.NETCore.Entities", "CometX.NETCore.Entities\CometX.NETCore.Entities.csproj", "{4B824613-3297-4665-BAF9-82A09B9EA968}"
EndProject
Global
	GlobalSection(SolutionConfigurationPlatforms) = preSolution
		Debug|Any CPU = Debug|Any CPU
		Release|Any CPU = Release|Any CPU
	EndGlobalSection
	GlobalSection(ProjectConfigurationPlatforms) = postSolution
		{712CB884-64D9-4778-9EEB-400A77842339}.Debug|Any CPU.ActiveCfg = Debug|Any CPU
		{712CB884-64D9-4778-9EEB-400A77842339}.Debug|Any CPU.Build.0 = Debug|Any CPU
		{712CB884-64D9-4778-9EEB-400A77842339}.Release|Any CPU.ActiveCfg = Release|Any CPU
		{712CB884-64D9-4778-9EEB-400A77842339}.Release|Any CPU.Build.0 = Release|Any CPU
		{59C279E2-FACC-41AD-A10A-5C2DB38F8A40}.Debug|Any CPU.ActiveCfg = Debug|Any CPU
		{59C279E2-FACC-41AD-A10A-5C2DB38F8A40}.Debug|Any CPU.Build.0 = Debug|Any CPU
		{59C279E2-FACC-41AD-A10A-5C2DB38F8A40}.Release|Any CPU.ActiveCfg = Release|Any CPU
		{59C279E2-FACC-41AD-A10A-5C2DB38F8A40}.Release|Any CPU.Build.0 = Release|Any CPU
		{A7EB351E-3AAB-453B-B40D-6D9CA7F039DA}.Debug|Any CPU.ActiveCfg = Debug|Any CPU
		{A7EB351E-3AAB-453B-B40D-6D9CA7F039DA}.Debug|Any CPU.Build.0 = Debug|Any CPU
		{A7EB351E-3AAB-453B-B40D-6D9CA7F039DA}.Release|Any CPU.ActiveCfg = Release|Any CPU
		{A7EB351E-3AAB-453B-B40D-6D9CA7F039DA}.Release|Any CPU.Build.0 = Release|Any CPU
		{B4CA5F13-2A4B-4E14-9D14-860CE7467F97}.Debug|Any CPU.ActiveCfg = Debug|Any CPU
		{B4CA5F13-2A4B-4E14-9D14-860CE7467F97}.Debug|Any CPU.Build.0 = Debug|Any CPU
		{B4CA5F13-2A4B-4E14-9D14-860CE7467F97}.Release|Any CPU.ActiveCfg = Release|Any CPU
		{B4CA5F13-2A4B-4E14-9D14-860CE7467F97}.Release|Any CPU.Build.0 = Release|Any CPU
		{D2DB8DE5-0499-4B2B-93B4-BA18A6C1222B}.Debug|Any CPU.ActiveCfg = Debug|Any CPU
		{D2DB8DE5-0499-4B2B-93B4-BA18A6C1222B}.Debug|Any CPU.Build.0 = Debug|Any CPU
		{D2DB8DE5-0499-4B2B-93B4-BA18A6C1222B}.Release|Any CPU.ActiveCfg = Release|Any CPU
		{D2DB8DE5-0499-4B2B-93B4-BA18A6C1222B}.Release|Any CPU.Build.0 = Release|Any CPU
		{755726DC-9D63-4F84-8E9E-87B4B9D26958}.Debug|Any CPU.ActiveCfg = Debug|Any CPU
		{755726DC-9D63-4F84-8E9E-87B4B9D26958}.Debug|Any CPU.Build.0 = Debug|Any CPU
		{755726DC-9D63-4F84-8E9E-87B4B9D26958}.Release|Any CPU.ActiveCfg = Release|Any CPU
		{755726DC-9D63-4F84-8E9E-87B4B9D26958}.Release|Any CPU.Build.0 = Release|Any CPU
		{5601CBB6-B6C5-4338-A8F4-747567A65933}.Debug|Any CPU.ActiveCfg = Debug|Any CPU
		{5601CBB6-B6C5-4338-A8F4-747567A65933}.Debug|Any CPU.Build.0 = Debug|Any CPU
		{5601CBB6-B6C5-4338-A8F4-747567A65933}.Release|Any CPU.ActiveCfg = Release|Any CPU
		{5601CBB6-B6C5-4338-A8F4-747567A65933}.Release|Any CPU.Build.0 = Release|Any CPU
		{068C1A6D-AC53-4D97-8C45-F07AA4229024}.Debug|Any CPU.ActiveCfg = Debug|Any CPU
		{068C1A6D-AC53-4D97-8C45-F07AA4229024}.Debug|Any CPU.Build.0 = Debug|Any CPU
		{068C1A6D-AC53-4D97-8C45-F07AA4229024}.Release|Any CPU.ActiveCfg = Release|Any CPU
		{068C1A6D-AC53-4D97-8C45-F07AA4229024}.Release|Any CPU.Build.0 = Release|Any CPU
		{0BA54823-50F2-4DAB-B614-4870A2CFAE61}.Debug|Any CPU.ActiveCfg = Debug|Any CPU
		{0BA54823-50F2-4DAB-B614-4870A2CFAE61}.Debug|Any CPU.Build.0 = Debug|Any CPU
		{0BA54823-50F2-4DAB-B614-4870A2CFAE61}.Release|Any CPU.ActiveCfg = Release|Any CPU
		{0BA54823-50F2-4DAB-B614-4870A2CFAE61}.Release|Any CPU.Build.0 = Release|Any CPU
		{4B824613-3297-4665-BAF9-82A09B9EA968}.Debug|Any CPU.ActiveCfg = Debug|Any CPU
		{4B824613-3297-4665-BAF9-82A09B9EA968}.Debug|Any CPU.Build.0 = Debug|Any CPU
		{4B824613-3297-4665-BAF9-82A09B9EA968}.Release|Any CPU.ActiveCfg = Release|Any CPU
		{4B824613-3297-4665-BAF9-82A09B9EA968}.Release|Any CPU.Build.0 = Release|Any CPU
	EndGlobalSection
	GlobalSection(SolutionProperties) = preSolution
		HideSolutionNode = FALSE
	EndGlobalSection
	GlobalSection(ExtensibilityGlobals) = postSolution
		SolutionGuid = {079C9873-C6C2-4C06-8168-FC67B72A428D}
	EndGlobalSection
EndGlobal
