
Microsoft Visual Studio Solution File, Format Version 12.00
# Visual Studio Version 16
VisualStudioVersion = 16.0.29025.244
MinimumVisualStudioVersion = 10.0.40219.1
Project("{9A19103F-16F7-4668-BE54-9A1E7A4F7556}") = "CometX.NETCore.ConsoleApp", "CometX.NETCore\CometX.NETCore.ConsoleApp.csproj", "{C4719727-25F4-4E44-B07E-DAF244128BBC}"
EndProject
Project("{FAE04EC0-301F-11D3-BF4B-00C04F79EFBC}") = "CometX.NETCore.Attributes", "CometX.NETCore.Attributes\CometX.NETCore.Attributes.csproj", "{59C279E2-FACC-41AD-A10A-5C2DB38F8A40}"
EndProject
Global
	GlobalSection(SolutionConfigurationPlatforms) = preSolution
		Debug|Any CPU = Debug|Any CPU
		Release|Any CPU = Release|Any CPU
	EndGlobalSection
	GlobalSection(ProjectConfigurationPlatforms) = postSolution
		{C4719727-25F4-4E44-B07E-DAF244128BBC}.Debug|Any CPU.ActiveCfg = Debug|Any CPU
		{C4719727-25F4-4E44-B07E-DAF244128BBC}.Debug|Any CPU.Build.0 = Debug|Any CPU
		{C4719727-25F4-4E44-B07E-DAF244128BBC}.Release|Any CPU.ActiveCfg = Release|Any CPU
		{C4719727-25F4-4E44-B07E-DAF244128BBC}.Release|Any CPU.Build.0 = Release|Any CPU
		{59C279E2-FACC-41AD-A10A-5C2DB38F8A40}.Debug|Any CPU.ActiveCfg = Debug|Any CPU
		{59C279E2-FACC-41AD-A10A-5C2DB38F8A40}.Debug|Any CPU.Build.0 = Debug|Any CPU
		{59C279E2-FACC-41AD-A10A-5C2DB38F8A40}.Release|Any CPU.ActiveCfg = Release|Any CPU
		{59C279E2-FACC-41AD-A10A-5C2DB38F8A40}.Release|Any CPU.Build.0 = Release|Any CPU
	EndGlobalSection
	GlobalSection(SolutionProperties) = preSolution
		HideSolutionNode = FALSE
	EndGlobalSection
	GlobalSection(ExtensibilityGlobals) = postSolution
		SolutionGuid = {079C9873-C6C2-4C06-8168-FC67B72A428D}
	EndGlobalSection
EndGlobal
