
Microsoft Visual Studio Solution File, Format Version 12.00
# Visual Studio Version 16
VisualStudioVersion = 16.0.29025.244
MinimumVisualStudioVersion = 10.0.40219.1
Project("{FAE04EC0-301F-11D3-BF4B-00C04F79EFBC}") = "CometX.ConsoleApp", ".NET Framework\CometX.ConsoleApp\CometX.ConsoleApp.csproj", "{A7EB351E-3AAB-453B-B40D-6D9CA7F039DA}"
EndProject
Project("{FAE04EC0-301F-11D3-BF4B-00C04F79EFBC}") = "CometX.Entities", ".NET Framework\CometX.Entities\CometX.Entities.csproj", "{D2DB8DE5-0499-4B2B-93B4-BA18A6C1222B}"
EndProject
Project("{FAE04EC0-301F-11D3-BF4B-00C04F79EFBC}") = "CometX.Repository", ".NET Framework\CometX.Repository\CometX.Repository.csproj", "{712CB884-64D9-4778-9EEB-400A77842339}"
EndProject
Project("{FAE04EC0-301F-11D3-BF4B-00C04F79EFBC}") = "CometX.Service", ".NET Framework\CometX.Service\CometX.Service.csproj", "{B4CA5F13-2A4B-4E14-9D14-860CE7467F97}"
EndProject
Project("{FAE04EC0-301F-11D3-BF4B-00C04F79EFBC}") = "CometX.Attributes", ".NET Framework\CometX.Attributes\CometX.Attributes.csproj", "{59C279E2-FACC-41AD-A10A-5C2DB38F8A40}"
EndProject
Project("{FAE04EC0-301F-11D3-BF4B-00C04F79EFBC}") = "CometX.NugetPackage.ConsoleApp", ".NET Framework\CometX.NugetPackage.ConsoleApp\CometX.NugetPackage.ConsoleApp.csproj", "{D3809D06-EB62-45C2-BD50-8A4953B2726D}"
EndProject
Project("{2150E333-8FDC-42A3-9474-1A3956D46DE8}") = ".NET Framework", ".NET Framework", "{856E2F6D-3B0F-4694-AC79-C20EC9851334}"
EndProject
Project("{2150E333-8FDC-42A3-9474-1A3956D46DE8}") = ".NET Core", ".NET Core", "{841A4A15-32FA-4447-A429-5325C8A4D330}"
EndProject
Project("{9A19103F-16F7-4668-BE54-9A1E7A4F7556}") = "CometX.NETCore.Attributes", ".NET Core\CometX.NETCore.Attributes\CometX.NETCore.Attributes.csproj", "{8D206179-D365-4F45-AF8B-0AD068F38CC0}"
EndProject
Project("{9A19103F-16F7-4668-BE54-9A1E7A4F7556}") = "CometX.NETCore.Entities", ".NET Core\CometX.NETCore.Entities\CometX.NETCore.Entities.csproj", "{84C9918E-3BF7-4A13-BC3E-660B6596D70E}"
EndProject
Project("{9A19103F-16F7-4668-BE54-9A1E7A4F7556}") = "CometX.NETCore.Repository", ".NET Core\CometX.NETCore.Repository\CometX.NETCore.Repository.csproj", "{D1BF943F-422B-4C0A-850E-69ACC5C65CD4}"
EndProject
Project("{9A19103F-16F7-4668-BE54-9A1E7A4F7556}") = "CometX.NETCore.Service", ".NET Core\CometX.NETCore.Service\CometX.NETCore.Service.csproj", "{D16C49FB-ACD1-4CB8-814C-EC2B37E6D833}"
EndProject
Project("{FAE04EC0-301F-11D3-BF4B-00C04F79EFBC}") = "CometX.NETCore.NugetPackage.ConsoleApp", ".NET Core\CometX.NETCore.NugetPackage.ConsoleApp\CometX.NETCore.NugetPackage.ConsoleApp.csproj", "{E9499FB9-FD31-4310-A7C0-DE9A05AA043E}"
EndProject
Project("{9A19103F-16F7-4668-BE54-9A1E7A4F7556}") = "CometX.NETCore.ConsoleApp", ".NET Core\CometX.NETCore.ConsoleApp\CometX.NETCore.ConsoleApp.csproj", "{DB2EB010-2D0E-493C-9009-47D07F00648E}"
EndProject
Global
	GlobalSection(SolutionConfigurationPlatforms) = preSolution
		Debug|Any CPU = Debug|Any CPU
		Release|Any CPU = Release|Any CPU
	EndGlobalSection
	GlobalSection(ProjectConfigurationPlatforms) = postSolution
		{A7EB351E-3AAB-453B-B40D-6D9CA7F039DA}.Debug|Any CPU.ActiveCfg = Debug|Any CPU
		{A7EB351E-3AAB-453B-B40D-6D9CA7F039DA}.Debug|Any CPU.Build.0 = Debug|Any CPU
		{A7EB351E-3AAB-453B-B40D-6D9CA7F039DA}.Release|Any CPU.ActiveCfg = Release|Any CPU
		{A7EB351E-3AAB-453B-B40D-6D9CA7F039DA}.Release|Any CPU.Build.0 = Release|Any CPU
		{D2DB8DE5-0499-4B2B-93B4-BA18A6C1222B}.Debug|Any CPU.ActiveCfg = Debug|Any CPU
		{D2DB8DE5-0499-4B2B-93B4-BA18A6C1222B}.Debug|Any CPU.Build.0 = Debug|Any CPU
		{D2DB8DE5-0499-4B2B-93B4-BA18A6C1222B}.Release|Any CPU.ActiveCfg = Release|Any CPU
		{D2DB8DE5-0499-4B2B-93B4-BA18A6C1222B}.Release|Any CPU.Build.0 = Release|Any CPU
		{712CB884-64D9-4778-9EEB-400A77842339}.Debug|Any CPU.ActiveCfg = Debug|Any CPU
		{712CB884-64D9-4778-9EEB-400A77842339}.Debug|Any CPU.Build.0 = Debug|Any CPU
		{712CB884-64D9-4778-9EEB-400A77842339}.Release|Any CPU.ActiveCfg = Release|Any CPU
		{712CB884-64D9-4778-9EEB-400A77842339}.Release|Any CPU.Build.0 = Release|Any CPU
		{B4CA5F13-2A4B-4E14-9D14-860CE7467F97}.Debug|Any CPU.ActiveCfg = Debug|Any CPU
		{B4CA5F13-2A4B-4E14-9D14-860CE7467F97}.Debug|Any CPU.Build.0 = Debug|Any CPU
		{B4CA5F13-2A4B-4E14-9D14-860CE7467F97}.Release|Any CPU.ActiveCfg = Release|Any CPU
		{B4CA5F13-2A4B-4E14-9D14-860CE7467F97}.Release|Any CPU.Build.0 = Release|Any CPU
		{59C279E2-FACC-41AD-A10A-5C2DB38F8A40}.Debug|Any CPU.ActiveCfg = Debug|Any CPU
		{59C279E2-FACC-41AD-A10A-5C2DB38F8A40}.Debug|Any CPU.Build.0 = Debug|Any CPU
		{59C279E2-FACC-41AD-A10A-5C2DB38F8A40}.Release|Any CPU.ActiveCfg = Release|Any CPU
		{59C279E2-FACC-41AD-A10A-5C2DB38F8A40}.Release|Any CPU.Build.0 = Release|Any CPU
		{D3809D06-EB62-45C2-BD50-8A4953B2726D}.Debug|Any CPU.ActiveCfg = Debug|Any CPU
		{D3809D06-EB62-45C2-BD50-8A4953B2726D}.Debug|Any CPU.Build.0 = Debug|Any CPU
		{D3809D06-EB62-45C2-BD50-8A4953B2726D}.Release|Any CPU.ActiveCfg = Release|Any CPU
		{D3809D06-EB62-45C2-BD50-8A4953B2726D}.Release|Any CPU.Build.0 = Release|Any CPU
		{8D206179-D365-4F45-AF8B-0AD068F38CC0}.Debug|Any CPU.ActiveCfg = Debug|Any CPU
		{8D206179-D365-4F45-AF8B-0AD068F38CC0}.Debug|Any CPU.Build.0 = Debug|Any CPU
		{8D206179-D365-4F45-AF8B-0AD068F38CC0}.Release|Any CPU.ActiveCfg = Release|Any CPU
		{8D206179-D365-4F45-AF8B-0AD068F38CC0}.Release|Any CPU.Build.0 = Release|Any CPU
		{84C9918E-3BF7-4A13-BC3E-660B6596D70E}.Debug|Any CPU.ActiveCfg = Debug|Any CPU
		{84C9918E-3BF7-4A13-BC3E-660B6596D70E}.Debug|Any CPU.Build.0 = Debug|Any CPU
		{84C9918E-3BF7-4A13-BC3E-660B6596D70E}.Release|Any CPU.ActiveCfg = Release|Any CPU
		{84C9918E-3BF7-4A13-BC3E-660B6596D70E}.Release|Any CPU.Build.0 = Release|Any CPU
		{D1BF943F-422B-4C0A-850E-69ACC5C65CD4}.Debug|Any CPU.ActiveCfg = Debug|Any CPU
		{D1BF943F-422B-4C0A-850E-69ACC5C65CD4}.Debug|Any CPU.Build.0 = Debug|Any CPU
		{D1BF943F-422B-4C0A-850E-69ACC5C65CD4}.Release|Any CPU.ActiveCfg = Release|Any CPU
		{D1BF943F-422B-4C0A-850E-69ACC5C65CD4}.Release|Any CPU.Build.0 = Release|Any CPU
		{D16C49FB-ACD1-4CB8-814C-EC2B37E6D833}.Debug|Any CPU.ActiveCfg = Debug|Any CPU
		{D16C49FB-ACD1-4CB8-814C-EC2B37E6D833}.Debug|Any CPU.Build.0 = Debug|Any CPU
		{D16C49FB-ACD1-4CB8-814C-EC2B37E6D833}.Release|Any CPU.ActiveCfg = Release|Any CPU
		{D16C49FB-ACD1-4CB8-814C-EC2B37E6D833}.Release|Any CPU.Build.0 = Release|Any CPU
		{E9499FB9-FD31-4310-A7C0-DE9A05AA043E}.Debug|Any CPU.ActiveCfg = Debug|Any CPU
		{E9499FB9-FD31-4310-A7C0-DE9A05AA043E}.Debug|Any CPU.Build.0 = Debug|Any CPU
		{E9499FB9-FD31-4310-A7C0-DE9A05AA043E}.Release|Any CPU.ActiveCfg = Release|Any CPU
		{E9499FB9-FD31-4310-A7C0-DE9A05AA043E}.Release|Any CPU.Build.0 = Release|Any CPU
		{DB2EB010-2D0E-493C-9009-47D07F00648E}.Debug|Any CPU.ActiveCfg = Debug|Any CPU
		{DB2EB010-2D0E-493C-9009-47D07F00648E}.Debug|Any CPU.Build.0 = Debug|Any CPU
		{DB2EB010-2D0E-493C-9009-47D07F00648E}.Release|Any CPU.ActiveCfg = Release|Any CPU
		{DB2EB010-2D0E-493C-9009-47D07F00648E}.Release|Any CPU.Build.0 = Release|Any CPU
	EndGlobalSection
	GlobalSection(SolutionProperties) = preSolution
		HideSolutionNode = FALSE
	EndGlobalSection
	GlobalSection(NestedProjects) = preSolution
		{A7EB351E-3AAB-453B-B40D-6D9CA7F039DA} = {856E2F6D-3B0F-4694-AC79-C20EC9851334}
		{D2DB8DE5-0499-4B2B-93B4-BA18A6C1222B} = {856E2F6D-3B0F-4694-AC79-C20EC9851334}
		{712CB884-64D9-4778-9EEB-400A77842339} = {856E2F6D-3B0F-4694-AC79-C20EC9851334}
		{B4CA5F13-2A4B-4E14-9D14-860CE7467F97} = {856E2F6D-3B0F-4694-AC79-C20EC9851334}
		{59C279E2-FACC-41AD-A10A-5C2DB38F8A40} = {856E2F6D-3B0F-4694-AC79-C20EC9851334}
		{D3809D06-EB62-45C2-BD50-8A4953B2726D} = {856E2F6D-3B0F-4694-AC79-C20EC9851334}
		{8D206179-D365-4F45-AF8B-0AD068F38CC0} = {841A4A15-32FA-4447-A429-5325C8A4D330}
		{84C9918E-3BF7-4A13-BC3E-660B6596D70E} = {841A4A15-32FA-4447-A429-5325C8A4D330}
		{D1BF943F-422B-4C0A-850E-69ACC5C65CD4} = {841A4A15-32FA-4447-A429-5325C8A4D330}
		{D16C49FB-ACD1-4CB8-814C-EC2B37E6D833} = {841A4A15-32FA-4447-A429-5325C8A4D330}
		{E9499FB9-FD31-4310-A7C0-DE9A05AA043E} = {841A4A15-32FA-4447-A429-5325C8A4D330}
		{DB2EB010-2D0E-493C-9009-47D07F00648E} = {841A4A15-32FA-4447-A429-5325C8A4D330}
	EndGlobalSection
	GlobalSection(ExtensibilityGlobals) = postSolution
		SolutionGuid = {079C9873-C6C2-4C06-8168-FC67B72A428D}
	EndGlobalSection
EndGlobal
